
Microsoft Visual Studio Solution File, Format Version 12.00
# Visual Studio Version 17
VisualStudioVersion = 17.9.34728.123
MinimumVisualStudioVersion = 10.0.40219.1
Project("{FAE04EC0-301F-11D3-BF4B-00C04F79EFBC}") = "OhShot_Pos", "OhShot_Pos\OhShot_Pos.csproj", "{2BF14785-0828-4855-835D-5E3AFFADC13F}"
EndProject
Global
	GlobalSection(SolutionConfigurationPlatforms) = preSolution
		Debug|Any CPU = Debug|Any CPU
		Release|Any CPU = Release|Any CPU
	EndGlobalSection
	GlobalSection(ProjectConfigurationPlatforms) = postSolution
		{2BF14785-0828-4855-835D-5E3AFFADC13F}.Debug|Any CPU.ActiveCfg = Debug|Any CPU
		{2BF14785-0828-4855-835D-5E3AFFADC13F}.Debug|Any CPU.Build.0 = Debug|Any CPU
		{2BF14785-0828-4855-835D-5E3AFFADC13F}.Release|Any CPU.ActiveCfg = Release|Any CPU
		{2BF14785-0828-4855-835D-5E3AFFADC13F}.Release|Any CPU.Build.0 = Release|Any CPU
	EndGlobalSection
	GlobalSection(SolutionProperties) = preSolution
		HideSolutionNode = FALSE
	EndGlobalSection
	GlobalSection(ExtensibilityGlobals) = postSolution
		SolutionGuid = {1E858B3A-0B43-437B-9E5B-0D7948C438D9}
	EndGlobalSection
EndGlobal
