
Microsoft Visual Studio Solution File, Format Version 12.00
# Visual Studio Version 17
VisualStudioVersion = 17.9.34728.123
MinimumVisualStudioVersion = 10.0.40219.1
Project("{FAE04EC0-301F-11D3-BF4B-00C04F79EFBC}") = "hansot_pos", "Main\hansot_pos.csproj", "{1871F8D2-ED22-4E83-A936-728F029B0A3C}"
EndProject
Global
	GlobalSection(SolutionConfigurationPlatforms) = preSolution
		Debug|Any CPU = Debug|Any CPU
		Release|Any CPU = Release|Any CPU
	EndGlobalSection
	GlobalSection(ProjectConfigurationPlatforms) = postSolution
		{1871F8D2-ED22-4E83-A936-728F029B0A3C}.Debug|Any CPU.ActiveCfg = Debug|Any CPU
		{1871F8D2-ED22-4E83-A936-728F029B0A3C}.Debug|Any CPU.Build.0 = Debug|Any CPU
		{1871F8D2-ED22-4E83-A936-728F029B0A3C}.Release|Any CPU.ActiveCfg = Release|Any CPU
		{1871F8D2-ED22-4E83-A936-728F029B0A3C}.Release|Any CPU.Build.0 = Release|Any CPU
	EndGlobalSection
	GlobalSection(SolutionProperties) = preSolution
		HideSolutionNode = FALSE
	EndGlobalSection
	GlobalSection(ExtensibilityGlobals) = postSolution
		SolutionGuid = {CE66A5BC-3299-4758-BBD3-6EF08C06B195}
	EndGlobalSection
EndGlobal
