
Microsoft Visual Studio Solution File, Format Version 12.00
# Visual Studio Version 17
VisualStudioVersion = 17.9.34728.123
MinimumVisualStudioVersion = 10.0.40219.1
Project("{9A19103F-16F7-4668-BE54-9A1E7A4F7556}") = "BookRentalShopApp", "BookRentalShopApp\BookRentalShopApp.csproj", "{1539790D-FA91-4962-98BE-7AA7DCBA60DE}"
EndProject
Project("{FAE04EC0-301F-11D3-BF4B-00C04F79EFBC}") = "NewBookRentalShopApp", "NewBookRentalShopAp\NewBookRentalShopApp.csproj", "{73025C3D-DDC4-4BDB-ADA8-4170093CEB1C}"
EndProject
Global
	GlobalSection(SolutionConfigurationPlatforms) = preSolution
		Debug|Any CPU = Debug|Any CPU
		Release|Any CPU = Release|Any CPU
	EndGlobalSection
	GlobalSection(ProjectConfigurationPlatforms) = postSolution
		{1539790D-FA91-4962-98BE-7AA7DCBA60DE}.Debug|Any CPU.ActiveCfg = Debug|Any CPU
		{1539790D-FA91-4962-98BE-7AA7DCBA60DE}.Debug|Any CPU.Build.0 = Debug|Any CPU
		{1539790D-FA91-4962-98BE-7AA7DCBA60DE}.Release|Any CPU.ActiveCfg = Release|Any CPU
		{1539790D-FA91-4962-98BE-7AA7DCBA60DE}.Release|Any CPU.Build.0 = Release|Any CPU
		{73025C3D-DDC4-4BDB-ADA8-4170093CEB1C}.Debug|Any CPU.ActiveCfg = Debug|Any CPU
		{73025C3D-DDC4-4BDB-ADA8-4170093CEB1C}.Debug|Any CPU.Build.0 = Debug|Any CPU
		{73025C3D-DDC4-4BDB-ADA8-4170093CEB1C}.Release|Any CPU.ActiveCfg = Release|Any CPU
		{73025C3D-DDC4-4BDB-ADA8-4170093CEB1C}.Release|Any CPU.Build.0 = Release|Any CPU
	EndGlobalSection
	GlobalSection(SolutionProperties) = preSolution
		HideSolutionNode = FALSE
	EndGlobalSection
	GlobalSection(ExtensibilityGlobals) = postSolution
		SolutionGuid = {953B3F85-BF38-4301-9EDF-4475BCFFF1E7}
	EndGlobalSection
EndGlobal
